
Microsoft Visual Studio Solution File, Format Version 12.00
# Visual Studio Version 17
VisualStudioVersion = 17.11.35312.102
MinimumVisualStudioVersion = 10.0.40219.1
Project("{FAE04EC0-301F-11D3-BF4B-00C04F79EFBC}") = "PracticaS13_WEB", "PracticaS13_WEB\PracticaS13_WEB.csproj", "{C2D2EE2C-3C76-4401-B1E7-795697C041E7}"
EndProject
Global
	GlobalSection(SolutionConfigurationPlatforms) = preSolution
		Debug|Any CPU = Debug|Any CPU
		Release|Any CPU = Release|Any CPU
	EndGlobalSection
	GlobalSection(ProjectConfigurationPlatforms) = postSolution
		{C2D2EE2C-3C76-4401-B1E7-795697C041E7}.Debug|Any CPU.ActiveCfg = Debug|Any CPU
		{C2D2EE2C-3C76-4401-B1E7-795697C041E7}.Debug|Any CPU.Build.0 = Debug|Any CPU
		{C2D2EE2C-3C76-4401-B1E7-795697C041E7}.Release|Any CPU.ActiveCfg = Release|Any CPU
		{C2D2EE2C-3C76-4401-B1E7-795697C041E7}.Release|Any CPU.Build.0 = Release|Any CPU
	EndGlobalSection
	GlobalSection(SolutionProperties) = preSolution
		HideSolutionNode = FALSE
	EndGlobalSection
	GlobalSection(ExtensibilityGlobals) = postSolution
		SolutionGuid = {1328F66A-6B88-4495-8B5E-141E6BCC7383}
	EndGlobalSection
EndGlobal
